
Microsoft Visual Studio Solution File, Format Version 12.00
# Visual Studio 2012
Project("{FAE04EC0-301F-11D3-BF4B-00C04F79EFBC}") = "BowlingGame.AcceptatieTests", "BowlingGame.AcceptatieTests\BowlingGame.AcceptatieTests.csproj", "{3CD69C94-D9D1-495B-9554-1732C58C8110}"
EndProject
Project("{FAE04EC0-301F-11D3-BF4B-00C04F79EFBC}") = "BowlingGame.UnitTests", "BowlingGame.UnitTests\BowlingGame.UnitTests.csproj", "{6329ED19-5469-4635-886A-FE7536FB098B}"
EndProject
Project("{FAE04EC0-301F-11D3-BF4B-00C04F79EFBC}") = "BestBowlingGame", "BestBowlingGame\BestBowlingGame.csproj", "{482D7C98-E2A5-4D2E-A55D-5D729A34D011}"
EndProject
Global
	GlobalSection(SolutionConfigurationPlatforms) = preSolution
		Debug|Any CPU = Debug|Any CPU
		Release|Any CPU = Release|Any CPU
	EndGlobalSection
	GlobalSection(ProjectConfigurationPlatforms) = postSolution
		{3CD69C94-D9D1-495B-9554-1732C58C8110}.Debug|Any CPU.ActiveCfg = Debug|Any CPU
		{3CD69C94-D9D1-495B-9554-1732C58C8110}.Debug|Any CPU.Build.0 = Debug|Any CPU
		{3CD69C94-D9D1-495B-9554-1732C58C8110}.Release|Any CPU.ActiveCfg = Release|Any CPU
		{3CD69C94-D9D1-495B-9554-1732C58C8110}.Release|Any CPU.Build.0 = Release|Any CPU
		{6329ED19-5469-4635-886A-FE7536FB098B}.Debug|Any CPU.ActiveCfg = Debug|Any CPU
		{6329ED19-5469-4635-886A-FE7536FB098B}.Debug|Any CPU.Build.0 = Debug|Any CPU
		{6329ED19-5469-4635-886A-FE7536FB098B}.Release|Any CPU.ActiveCfg = Release|Any CPU
		{6329ED19-5469-4635-886A-FE7536FB098B}.Release|Any CPU.Build.0 = Release|Any CPU
		{482D7C98-E2A5-4D2E-A55D-5D729A34D011}.Debug|Any CPU.ActiveCfg = Debug|Any CPU
		{482D7C98-E2A5-4D2E-A55D-5D729A34D011}.Debug|Any CPU.Build.0 = Debug|Any CPU
		{482D7C98-E2A5-4D2E-A55D-5D729A34D011}.Release|Any CPU.ActiveCfg = Release|Any CPU
		{482D7C98-E2A5-4D2E-A55D-5D729A34D011}.Release|Any CPU.Build.0 = Release|Any CPU
	EndGlobalSection
	GlobalSection(SolutionProperties) = preSolution
		HideSolutionNode = FALSE
	EndGlobalSection
EndGlobal
