
Microsoft Visual Studio Solution File, Format Version 12.00
# Visual Studio 2013
VisualStudioVersion = 12.0.31101.0
MinimumVisualStudioVersion = 10.0.40219.1
Project("{F2A71F9B-5D33-465A-A702-920D77279786}") = "BowlingGame", "BowlingGame\BowlingGame.fsproj", "{1990BEE2-4F7F-42D2-A96A-F1EEA26776FE}"
EndProject
Project("{FAE04EC0-301F-11D3-BF4B-00C04F79EFBC}") = "BowlingGame.UnitTest", "BowlingGame.UnitTest\BowlingGame.UnitTest.csproj", "{DE715B19-17DB-4B60-916D-58FC6C5100C9}"
EndProject
Global
	GlobalSection(SolutionConfigurationPlatforms) = preSolution
		Debug|Any CPU = Debug|Any CPU
		Release|Any CPU = Release|Any CPU
	EndGlobalSection
	GlobalSection(ProjectConfigurationPlatforms) = postSolution
		{1990BEE2-4F7F-42D2-A96A-F1EEA26776FE}.Debug|Any CPU.ActiveCfg = Debug|Any CPU
		{1990BEE2-4F7F-42D2-A96A-F1EEA26776FE}.Debug|Any CPU.Build.0 = Debug|Any CPU
		{1990BEE2-4F7F-42D2-A96A-F1EEA26776FE}.Release|Any CPU.ActiveCfg = Release|Any CPU
		{1990BEE2-4F7F-42D2-A96A-F1EEA26776FE}.Release|Any CPU.Build.0 = Release|Any CPU
		{DE715B19-17DB-4B60-916D-58FC6C5100C9}.Debug|Any CPU.ActiveCfg = Debug|Any CPU
		{DE715B19-17DB-4B60-916D-58FC6C5100C9}.Debug|Any CPU.Build.0 = Debug|Any CPU
		{DE715B19-17DB-4B60-916D-58FC6C5100C9}.Release|Any CPU.ActiveCfg = Release|Any CPU
		{DE715B19-17DB-4B60-916D-58FC6C5100C9}.Release|Any CPU.Build.0 = Release|Any CPU
	EndGlobalSection
	GlobalSection(SolutionProperties) = preSolution
		HideSolutionNode = FALSE
	EndGlobalSection
EndGlobal
